
Microsoft Visual Studio Solution File, Format Version 12.00
# Visual Studio Version 17
VisualStudioVersion = 17.8.34309.116
MinimumVisualStudioVersion = 10.0.40219.1
Project("{FAE04EC0-301F-11D3-BF4B-00C04F79EFBC}") = "AdventOfCode2023", "AdventOfCode2023\AdventOfCode2023.csproj", "{F1738C25-CBC9-4F12-9F57-3AC3EBA0C61A}"
EndProject
Global
	GlobalSection(SolutionConfigurationPlatforms) = preSolution
		Debug|Any CPU = Debug|Any CPU
		Release|Any CPU = Release|Any CPU
	EndGlobalSection
	GlobalSection(ProjectConfigurationPlatforms) = postSolution
		{F1738C25-CBC9-4F12-9F57-3AC3EBA0C61A}.Debug|Any CPU.ActiveCfg = Debug|Any CPU
		{F1738C25-CBC9-4F12-9F57-3AC3EBA0C61A}.Debug|Any CPU.Build.0 = Debug|Any CPU
		{F1738C25-CBC9-4F12-9F57-3AC3EBA0C61A}.Release|Any CPU.ActiveCfg = Release|Any CPU
		{F1738C25-CBC9-4F12-9F57-3AC3EBA0C61A}.Release|Any CPU.Build.0 = Release|Any CPU
	EndGlobalSection
	GlobalSection(SolutionProperties) = preSolution
		HideSolutionNode = FALSE
	EndGlobalSection
	GlobalSection(ExtensibilityGlobals) = postSolution
		SolutionGuid = {F81640A4-C393-439A-A5E4-AE57D0C64D5E}
	EndGlobalSection
EndGlobal
